
Microsoft Visual Studio Solution File, Format Version 12.00
# Visual Studio Version 17
VisualStudioVersion = 17.0.31903.59
MinimumVisualStudioVersion = 10.0.40219.1
Project("{9A19103F-16F7-4668-BE54-9A1E7A4F7556}") = "Boo.Blog.Web", "src\Boo.Blog.Web\Boo.Blog.Web.csproj", "{068855E8-9240-4F1A-910B-CF825794513B}"
EndProject
Project("{2150E333-8FDC-42A3-9474-1A3956D46DE8}") = "src", "src", "{CA9AC87F-097E-4F15-8393-4BC07735A5B0}"
EndProject
Project("{2150E333-8FDC-42A3-9474-1A3956D46DE8}") = "test", "test", "{04DBDB01-70F4-4E06-B468-8F87850B22BE}"
EndProject
Project("{9A19103F-16F7-4668-BE54-9A1E7A4F7556}") = "Boo.Blog.Domain.Shared", "src\Boo.Blog.Domain.Shared\Boo.Blog.Domain.Shared.csproj", "{42F719ED-8413-4895-B5B4-5AB56079BC66}"
EndProject
Project("{9A19103F-16F7-4668-BE54-9A1E7A4F7556}") = "Boo.Blog.Application.Contracts", "src\Boo.Blog.Application.Contracts\Boo.Blog.Application.Contracts.csproj", "{520659C8-C734-4298-A3DA-B539DB9DFC0B}"
EndProject
Project("{9A19103F-16F7-4668-BE54-9A1E7A4F7556}") = "Boo.Blog.HttpApi", "src\Boo.Blog.HttpApi\Boo.Blog.HttpApi.csproj", "{4164BDF7-F527-4E85-9CE6-E3C2D7426A27}"
EndProject
Project("{9A19103F-16F7-4668-BE54-9A1E7A4F7556}") = "Boo.Blog.DbMigrator", "src\Boo.Blog.DbMigrator\Boo.Blog.DbMigrator.csproj", "{AA94D832-1CCC-4715-95A9-A483F23A1A5D}"
EndProject
Project("{9A19103F-16F7-4668-BE54-9A1E7A4F7556}") = "Boo.Blog.ToolKits", "src\Boo.Blog.ToolKits\Boo.Blog.ToolKits.csproj", "{DD96445E-4641-458A-A7D6-130A1314E0F5}"
EndProject
Project("{9A19103F-16F7-4668-BE54-9A1E7A4F7556}") = "Boo.Blog.Domain", "src\Boo.Blog.Domain\Boo.Blog.Domain.csproj", "{7D76D0F7-D941-4199-9DF5-89A7B58AE618}"
EndProject
Project("{9A19103F-16F7-4668-BE54-9A1E7A4F7556}") = "Boo.Blog.EntityFrameworkCore", "src\Boo.Blog.EntityFrameworkCore\Boo.Blog.EntityFrameworkCore.csproj", "{2DDB1522-F51F-447B-8459-7E0B2A336BAA}"
EndProject
Project("{9A19103F-16F7-4668-BE54-9A1E7A4F7556}") = "Boo.Blog.Application", "src\Boo.Blog.Application\Boo.Blog.Application.csproj", "{35AD62E0-0ADF-403A-84EF-B2ACBFF5ED57}"
EndProject
Project("{9A19103F-16F7-4668-BE54-9A1E7A4F7556}") = "Boo.Blog.TestProject", "test\Boo.Blog.TestProject\Boo.Blog.TestProject.csproj", "{1094AA33-730A-4801-A96A-E912F1F2CEF0}"
EndProject
Project("{9A19103F-16F7-4668-BE54-9A1E7A4F7556}") = "Boo.Blog.Middleware", "src\Boo.Blog.Middleware\Boo.Blog.Middleware.csproj", "{497209DA-3751-4E25-B49E-7F3E510BAB2E}"
EndProject
Project("{9A19103F-16F7-4668-BE54-9A1E7A4F7556}") = "Boo.Blog.MongoDB", "src\Boo.Blog.MongoDB\Boo.Blog.MongoDB.csproj", "{7D4CF790-F6A2-4588-8674-ECF7F6D8D23A}"
EndProject
Project("{2150E333-8FDC-42A3-9474-1A3956D46DE8}") = "lesson", "lesson", "{F19217A8-47EC-4E9D-82E9-1FDC450A846B}"
EndProject
Project("{9A19103F-16F7-4668-BE54-9A1E7A4F7556}") = "ConsolePro", "Lesson\ConsolePro\ConsolePro.csproj", "{D5A65825-4F47-4048-9551-518E23871E7B}"
EndProject
Project("{9A19103F-16F7-4668-BE54-9A1E7A4F7556}") = "TangPoem.Core", "lesson\TangPoem.Core\TangPoem.Core.csproj", "{B58CFA07-A7B3-4440-A9CB-B2EEF8E85F2C}"
EndProject
Project("{9A19103F-16F7-4668-BE54-9A1E7A4F7556}") = "TangPoem.EF", "lesson\TangPoem.EF\TangPoem.EF.csproj", "{BEAEEE97-03C4-46F0-937B-BD40EAF86551}"
EndProject
Project("{9A19103F-16F7-4668-BE54-9A1E7A4F7556}") = "TangPoem.Application", "lesson\TangPoem.Application\TangPoem.Application.csproj", "{FD574B71-BD8C-4633-9F96-724472AA32BF}"
EndProject
Project("{9A19103F-16F7-4668-BE54-9A1E7A4F7556}") = "TangPoem.Application.Test", "lesson\TangPoem.Application.Test\TangPoem.Application.Test.csproj", "{87460B30-D3F7-48DF-B21B-3816A6375970}"
EndProject
Project("{9A19103F-16F7-4668-BE54-9A1E7A4F7556}") = "TangPoem.TestBase", "lesson\TangPoem.TestBase\TangPoem.TestBase.csproj", "{378BBFAA-8893-41CB-9A4D-802999E7778F}"
EndProject
Project("{9A19103F-16F7-4668-BE54-9A1E7A4F7556}") = "TangPoem.EF.Test", "lesson\TangPoem.EF.Test\TangPoem.EF.Test.csproj", "{493966EA-B0DF-40E0-87FA-B17AB3AAF318}"
EndProject
Project("{9A19103F-16F7-4668-BE54-9A1E7A4F7556}") = "TangPoem.Web", "lesson\TangPoem.Web\TangPoem.Web.csproj", "{63D71783-3894-4F46-82AA-0D7967A03FD6}"
EndProject
Project("{9A19103F-16F7-4668-BE54-9A1E7A4F7556}") = "AbotSpider", "test\AbotSpider\AbotSpider.csproj", "{1F3FDE8C-CAC9-43B7-A3E2-CCD585E7E60A}"
EndProject
Project("{9A19103F-16F7-4668-BE54-9A1E7A4F7556}") = "EventBus.ConsoleApp", "test\EventBus.Console\EventBus.ConsoleApp.csproj", "{189583CE-1522-40B5-85B7-645AE3435C28}"
EndProject
Project("{2150E333-8FDC-42A3-9474-1A3956D46DE8}") = "commons", "commons", "{C8C72966-F8AF-44BC-B03C-628FDAF059E3}"
EndProject
Global
	GlobalSection(SolutionConfigurationPlatforms) = preSolution
		Debug|Any CPU = Debug|Any CPU
		Release|Any CPU = Release|Any CPU
	EndGlobalSection
	GlobalSection(ProjectConfigurationPlatforms) = postSolution
		{068855E8-9240-4F1A-910B-CF825794513B}.Debug|Any CPU.ActiveCfg = Debug|Any CPU
		{068855E8-9240-4F1A-910B-CF825794513B}.Debug|Any CPU.Build.0 = Debug|Any CPU
		{068855E8-9240-4F1A-910B-CF825794513B}.Release|Any CPU.ActiveCfg = Release|Any CPU
		{068855E8-9240-4F1A-910B-CF825794513B}.Release|Any CPU.Build.0 = Release|Any CPU
		{42F719ED-8413-4895-B5B4-5AB56079BC66}.Debug|Any CPU.ActiveCfg = Debug|Any CPU
		{42F719ED-8413-4895-B5B4-5AB56079BC66}.Debug|Any CPU.Build.0 = Debug|Any CPU
		{42F719ED-8413-4895-B5B4-5AB56079BC66}.Release|Any CPU.ActiveCfg = Release|Any CPU
		{42F719ED-8413-4895-B5B4-5AB56079BC66}.Release|Any CPU.Build.0 = Release|Any CPU
		{520659C8-C734-4298-A3DA-B539DB9DFC0B}.Debug|Any CPU.ActiveCfg = Debug|Any CPU
		{520659C8-C734-4298-A3DA-B539DB9DFC0B}.Debug|Any CPU.Build.0 = Debug|Any CPU
		{520659C8-C734-4298-A3DA-B539DB9DFC0B}.Release|Any CPU.ActiveCfg = Release|Any CPU
		{520659C8-C734-4298-A3DA-B539DB9DFC0B}.Release|Any CPU.Build.0 = Release|Any CPU
		{4164BDF7-F527-4E85-9CE6-E3C2D7426A27}.Debug|Any CPU.ActiveCfg = Debug|Any CPU
		{4164BDF7-F527-4E85-9CE6-E3C2D7426A27}.Debug|Any CPU.Build.0 = Debug|Any CPU
		{4164BDF7-F527-4E85-9CE6-E3C2D7426A27}.Release|Any CPU.ActiveCfg = Release|Any CPU
		{4164BDF7-F527-4E85-9CE6-E3C2D7426A27}.Release|Any CPU.Build.0 = Release|Any CPU
		{AA94D832-1CCC-4715-95A9-A483F23A1A5D}.Debug|Any CPU.ActiveCfg = Debug|Any CPU
		{AA94D832-1CCC-4715-95A9-A483F23A1A5D}.Debug|Any CPU.Build.0 = Debug|Any CPU
		{AA94D832-1CCC-4715-95A9-A483F23A1A5D}.Release|Any CPU.ActiveCfg = Release|Any CPU
		{AA94D832-1CCC-4715-95A9-A483F23A1A5D}.Release|Any CPU.Build.0 = Release|Any CPU
		{DD96445E-4641-458A-A7D6-130A1314E0F5}.Debug|Any CPU.ActiveCfg = Debug|Any CPU
		{DD96445E-4641-458A-A7D6-130A1314E0F5}.Debug|Any CPU.Build.0 = Debug|Any CPU
		{DD96445E-4641-458A-A7D6-130A1314E0F5}.Release|Any CPU.ActiveCfg = Release|Any CPU
		{DD96445E-4641-458A-A7D6-130A1314E0F5}.Release|Any CPU.Build.0 = Release|Any CPU
		{7D76D0F7-D941-4199-9DF5-89A7B58AE618}.Debug|Any CPU.ActiveCfg = Debug|Any CPU
		{7D76D0F7-D941-4199-9DF5-89A7B58AE618}.Debug|Any CPU.Build.0 = Debug|Any CPU
		{7D76D0F7-D941-4199-9DF5-89A7B58AE618}.Release|Any CPU.ActiveCfg = Release|Any CPU
		{7D76D0F7-D941-4199-9DF5-89A7B58AE618}.Release|Any CPU.Build.0 = Release|Any CPU
		{2DDB1522-F51F-447B-8459-7E0B2A336BAA}.Debug|Any CPU.ActiveCfg = Debug|Any CPU
		{2DDB1522-F51F-447B-8459-7E0B2A336BAA}.Debug|Any CPU.Build.0 = Debug|Any CPU
		{2DDB1522-F51F-447B-8459-7E0B2A336BAA}.Release|Any CPU.ActiveCfg = Release|Any CPU
		{2DDB1522-F51F-447B-8459-7E0B2A336BAA}.Release|Any CPU.Build.0 = Release|Any CPU
		{35AD62E0-0ADF-403A-84EF-B2ACBFF5ED57}.Debug|Any CPU.ActiveCfg = Debug|Any CPU
		{35AD62E0-0ADF-403A-84EF-B2ACBFF5ED57}.Debug|Any CPU.Build.0 = Debug|Any CPU
		{35AD62E0-0ADF-403A-84EF-B2ACBFF5ED57}.Release|Any CPU.ActiveCfg = Release|Any CPU
		{35AD62E0-0ADF-403A-84EF-B2ACBFF5ED57}.Release|Any CPU.Build.0 = Release|Any CPU
		{1094AA33-730A-4801-A96A-E912F1F2CEF0}.Debug|Any CPU.ActiveCfg = Debug|Any CPU
		{1094AA33-730A-4801-A96A-E912F1F2CEF0}.Debug|Any CPU.Build.0 = Debug|Any CPU
		{1094AA33-730A-4801-A96A-E912F1F2CEF0}.Release|Any CPU.ActiveCfg = Release|Any CPU
		{1094AA33-730A-4801-A96A-E912F1F2CEF0}.Release|Any CPU.Build.0 = Release|Any CPU
		{497209DA-3751-4E25-B49E-7F3E510BAB2E}.Debug|Any CPU.ActiveCfg = Debug|Any CPU
		{497209DA-3751-4E25-B49E-7F3E510BAB2E}.Debug|Any CPU.Build.0 = Debug|Any CPU
		{497209DA-3751-4E25-B49E-7F3E510BAB2E}.Release|Any CPU.ActiveCfg = Release|Any CPU
		{497209DA-3751-4E25-B49E-7F3E510BAB2E}.Release|Any CPU.Build.0 = Release|Any CPU
		{7D4CF790-F6A2-4588-8674-ECF7F6D8D23A}.Debug|Any CPU.ActiveCfg = Debug|Any CPU
		{7D4CF790-F6A2-4588-8674-ECF7F6D8D23A}.Debug|Any CPU.Build.0 = Debug|Any CPU
		{7D4CF790-F6A2-4588-8674-ECF7F6D8D23A}.Release|Any CPU.ActiveCfg = Release|Any CPU
		{7D4CF790-F6A2-4588-8674-ECF7F6D8D23A}.Release|Any CPU.Build.0 = Release|Any CPU
		{D5A65825-4F47-4048-9551-518E23871E7B}.Debug|Any CPU.ActiveCfg = Debug|Any CPU
		{D5A65825-4F47-4048-9551-518E23871E7B}.Debug|Any CPU.Build.0 = Debug|Any CPU
		{D5A65825-4F47-4048-9551-518E23871E7B}.Release|Any CPU.ActiveCfg = Release|Any CPU
		{D5A65825-4F47-4048-9551-518E23871E7B}.Release|Any CPU.Build.0 = Release|Any CPU
		{B58CFA07-A7B3-4440-A9CB-B2EEF8E85F2C}.Debug|Any CPU.ActiveCfg = Debug|Any CPU
		{B58CFA07-A7B3-4440-A9CB-B2EEF8E85F2C}.Debug|Any CPU.Build.0 = Debug|Any CPU
		{B58CFA07-A7B3-4440-A9CB-B2EEF8E85F2C}.Release|Any CPU.ActiveCfg = Release|Any CPU
		{B58CFA07-A7B3-4440-A9CB-B2EEF8E85F2C}.Release|Any CPU.Build.0 = Release|Any CPU
		{BEAEEE97-03C4-46F0-937B-BD40EAF86551}.Debug|Any CPU.ActiveCfg = Debug|Any CPU
		{BEAEEE97-03C4-46F0-937B-BD40EAF86551}.Debug|Any CPU.Build.0 = Debug|Any CPU
		{BEAEEE97-03C4-46F0-937B-BD40EAF86551}.Release|Any CPU.ActiveCfg = Release|Any CPU
		{BEAEEE97-03C4-46F0-937B-BD40EAF86551}.Release|Any CPU.Build.0 = Release|Any CPU
		{FD574B71-BD8C-4633-9F96-724472AA32BF}.Debug|Any CPU.ActiveCfg = Debug|Any CPU
		{FD574B71-BD8C-4633-9F96-724472AA32BF}.Debug|Any CPU.Build.0 = Debug|Any CPU
		{FD574B71-BD8C-4633-9F96-724472AA32BF}.Release|Any CPU.ActiveCfg = Release|Any CPU
		{FD574B71-BD8C-4633-9F96-724472AA32BF}.Release|Any CPU.Build.0 = Release|Any CPU
		{87460B30-D3F7-48DF-B21B-3816A6375970}.Debug|Any CPU.ActiveCfg = Debug|Any CPU
		{87460B30-D3F7-48DF-B21B-3816A6375970}.Debug|Any CPU.Build.0 = Debug|Any CPU
		{87460B30-D3F7-48DF-B21B-3816A6375970}.Release|Any CPU.ActiveCfg = Release|Any CPU
		{87460B30-D3F7-48DF-B21B-3816A6375970}.Release|Any CPU.Build.0 = Release|Any CPU
		{378BBFAA-8893-41CB-9A4D-802999E7778F}.Debug|Any CPU.ActiveCfg = Debug|Any CPU
		{378BBFAA-8893-41CB-9A4D-802999E7778F}.Debug|Any CPU.Build.0 = Debug|Any CPU
		{378BBFAA-8893-41CB-9A4D-802999E7778F}.Release|Any CPU.ActiveCfg = Release|Any CPU
		{378BBFAA-8893-41CB-9A4D-802999E7778F}.Release|Any CPU.Build.0 = Release|Any CPU
		{493966EA-B0DF-40E0-87FA-B17AB3AAF318}.Debug|Any CPU.ActiveCfg = Debug|Any CPU
		{493966EA-B0DF-40E0-87FA-B17AB3AAF318}.Debug|Any CPU.Build.0 = Debug|Any CPU
		{493966EA-B0DF-40E0-87FA-B17AB3AAF318}.Release|Any CPU.ActiveCfg = Release|Any CPU
		{493966EA-B0DF-40E0-87FA-B17AB3AAF318}.Release|Any CPU.Build.0 = Release|Any CPU
		{63D71783-3894-4F46-82AA-0D7967A03FD6}.Debug|Any CPU.ActiveCfg = Debug|Any CPU
		{63D71783-3894-4F46-82AA-0D7967A03FD6}.Debug|Any CPU.Build.0 = Debug|Any CPU
		{63D71783-3894-4F46-82AA-0D7967A03FD6}.Release|Any CPU.ActiveCfg = Release|Any CPU
		{63D71783-3894-4F46-82AA-0D7967A03FD6}.Release|Any CPU.Build.0 = Release|Any CPU
		{1F3FDE8C-CAC9-43B7-A3E2-CCD585E7E60A}.Debug|Any CPU.ActiveCfg = Debug|Any CPU
		{1F3FDE8C-CAC9-43B7-A3E2-CCD585E7E60A}.Debug|Any CPU.Build.0 = Debug|Any CPU
		{1F3FDE8C-CAC9-43B7-A3E2-CCD585E7E60A}.Release|Any CPU.ActiveCfg = Release|Any CPU
		{1F3FDE8C-CAC9-43B7-A3E2-CCD585E7E60A}.Release|Any CPU.Build.0 = Release|Any CPU
		{189583CE-1522-40B5-85B7-645AE3435C28}.Debug|Any CPU.ActiveCfg = Debug|Any CPU
		{189583CE-1522-40B5-85B7-645AE3435C28}.Debug|Any CPU.Build.0 = Debug|Any CPU
		{189583CE-1522-40B5-85B7-645AE3435C28}.Release|Any CPU.ActiveCfg = Release|Any CPU
		{189583CE-1522-40B5-85B7-645AE3435C28}.Release|Any CPU.Build.0 = Release|Any CPU
	EndGlobalSection
	GlobalSection(SolutionProperties) = preSolution
		HideSolutionNode = FALSE
	EndGlobalSection
	GlobalSection(NestedProjects) = preSolution
		{068855E8-9240-4F1A-910B-CF825794513B} = {CA9AC87F-097E-4F15-8393-4BC07735A5B0}
		{42F719ED-8413-4895-B5B4-5AB56079BC66} = {CA9AC87F-097E-4F15-8393-4BC07735A5B0}
		{520659C8-C734-4298-A3DA-B539DB9DFC0B} = {CA9AC87F-097E-4F15-8393-4BC07735A5B0}
		{4164BDF7-F527-4E85-9CE6-E3C2D7426A27} = {CA9AC87F-097E-4F15-8393-4BC07735A5B0}
		{AA94D832-1CCC-4715-95A9-A483F23A1A5D} = {CA9AC87F-097E-4F15-8393-4BC07735A5B0}
		{DD96445E-4641-458A-A7D6-130A1314E0F5} = {CA9AC87F-097E-4F15-8393-4BC07735A5B0}
		{7D76D0F7-D941-4199-9DF5-89A7B58AE618} = {CA9AC87F-097E-4F15-8393-4BC07735A5B0}
		{2DDB1522-F51F-447B-8459-7E0B2A336BAA} = {CA9AC87F-097E-4F15-8393-4BC07735A5B0}
		{35AD62E0-0ADF-403A-84EF-B2ACBFF5ED57} = {CA9AC87F-097E-4F15-8393-4BC07735A5B0}
		{1094AA33-730A-4801-A96A-E912F1F2CEF0} = {04DBDB01-70F4-4E06-B468-8F87850B22BE}
		{497209DA-3751-4E25-B49E-7F3E510BAB2E} = {CA9AC87F-097E-4F15-8393-4BC07735A5B0}
		{7D4CF790-F6A2-4588-8674-ECF7F6D8D23A} = {CA9AC87F-097E-4F15-8393-4BC07735A5B0}
		{D5A65825-4F47-4048-9551-518E23871E7B} = {F19217A8-47EC-4E9D-82E9-1FDC450A846B}
		{B58CFA07-A7B3-4440-A9CB-B2EEF8E85F2C} = {F19217A8-47EC-4E9D-82E9-1FDC450A846B}
		{BEAEEE97-03C4-46F0-937B-BD40EAF86551} = {F19217A8-47EC-4E9D-82E9-1FDC450A846B}
		{FD574B71-BD8C-4633-9F96-724472AA32BF} = {F19217A8-47EC-4E9D-82E9-1FDC450A846B}
		{87460B30-D3F7-48DF-B21B-3816A6375970} = {F19217A8-47EC-4E9D-82E9-1FDC450A846B}
		{378BBFAA-8893-41CB-9A4D-802999E7778F} = {F19217A8-47EC-4E9D-82E9-1FDC450A846B}
		{493966EA-B0DF-40E0-87FA-B17AB3AAF318} = {F19217A8-47EC-4E9D-82E9-1FDC450A846B}
		{63D71783-3894-4F46-82AA-0D7967A03FD6} = {F19217A8-47EC-4E9D-82E9-1FDC450A846B}
		{1F3FDE8C-CAC9-43B7-A3E2-CCD585E7E60A} = {04DBDB01-70F4-4E06-B468-8F87850B22BE}
		{189583CE-1522-40B5-85B7-645AE3435C28} = {04DBDB01-70F4-4E06-B468-8F87850B22BE}
		{C8C72966-F8AF-44BC-B03C-628FDAF059E3} = {CA9AC87F-097E-4F15-8393-4BC07735A5B0}
	EndGlobalSection
	GlobalSection(ExtensibilityGlobals) = postSolution
		SolutionGuid = {28315BFD-90E7-4E14-A2EA-F3D23AF4126F}
	EndGlobalSection
EndGlobal
